
Microsoft Visual Studio Solution File, Format Version 12.00
# Visual Studio Version 16
VisualStudioVersion = 16.0.31515.178
MinimumVisualStudioVersion = 10.0.40219.1
Project("{FAE04EC0-301F-11D3-BF4B-00C04F79EFBC}") = "CSVSerialisation", "CSVSerialisation\CSVSerialisation.csproj", "{6C959EFB-9F9F-4B26-BB6B-03FEB7026A47}"
EndProject
Global
	GlobalSection(SolutionConfigurationPlatforms) = preSolution
		Debug|Any CPU = Debug|Any CPU
		Release|Any CPU = Release|Any CPU
	EndGlobalSection
	GlobalSection(ProjectConfigurationPlatforms) = postSolution
		{6C959EFB-9F9F-4B26-BB6B-03FEB7026A47}.Debug|Any CPU.ActiveCfg = Debug|Any CPU
		{6C959EFB-9F9F-4B26-BB6B-03FEB7026A47}.Debug|Any CPU.Build.0 = Debug|Any CPU
		{6C959EFB-9F9F-4B26-BB6B-03FEB7026A47}.Release|Any CPU.ActiveCfg = Release|Any CPU
		{6C959EFB-9F9F-4B26-BB6B-03FEB7026A47}.Release|Any CPU.Build.0 = Release|Any CPU
	EndGlobalSection
	GlobalSection(SolutionProperties) = preSolution
		HideSolutionNode = FALSE
	EndGlobalSection
	GlobalSection(ExtensibilityGlobals) = postSolution
		SolutionGuid = {6ADAAC43-9775-4471-B8B1-EF2073C700EE}
	EndGlobalSection
EndGlobal
